
Microsoft Visual Studio Solution File, Format Version 12.00
# Visual Studio Version 16
VisualStudioVersion = 16.0.29709.97
MinimumVisualStudioVersion = 10.0.40219.1
Project("{FAE04EC0-301F-11D3-BF4B-00C04F79EFBC}") = "Assignment1DIS", "Assignment1DIS.csproj", "{514A068B-449F-4462-BF34-D3D7B25D1EAE}"
EndProject
Global
	GlobalSection(SolutionConfigurationPlatforms) = preSolution
		Debug|Any CPU = Debug|Any CPU
		Release|Any CPU = Release|Any CPU
	EndGlobalSection
	GlobalSection(ProjectConfigurationPlatforms) = postSolution
		{514A068B-449F-4462-BF34-D3D7B25D1EAE}.Debug|Any CPU.ActiveCfg = Debug|Any CPU
		{514A068B-449F-4462-BF34-D3D7B25D1EAE}.Debug|Any CPU.Build.0 = Debug|Any CPU
		{514A068B-449F-4462-BF34-D3D7B25D1EAE}.Release|Any CPU.ActiveCfg = Release|Any CPU
		{514A068B-449F-4462-BF34-D3D7B25D1EAE}.Release|Any CPU.Build.0 = Release|Any CPU
	EndGlobalSection
	GlobalSection(SolutionProperties) = preSolution
		HideSolutionNode = FALSE
	EndGlobalSection
	GlobalSection(ExtensibilityGlobals) = postSolution
		SolutionGuid = {F11ABB23-080A-496B-BC1C-AF7078D695CA}
	EndGlobalSection
EndGlobal
